# This file was autogenerated by Stack.
# You should not edit this file by hand.
# For more information, please see the documentation at:
#   https://docs.haskellstack.org/en/stable/lock_files

packages:
- completed:
    hackage: invertible-0.2.0.8@sha256:a6bfbf7e48a1744716134d8c73b3dec2d668ee13ba2c7cffce73621a275d559f,3628
    pantry-tree:
      sha256: cd61072adf765d8ad2fd782f5c2f2c23e7c3d2bfdc267194129305e9de415d03
      size: 2313
  original:
    hackage: invertible-0.2.0.8
- completed:
    hackage: invertible-hxt-0.1@sha256:8495092e94f6a7eebbdf980a8ccd3684f2078b02b2faf4b4822b1202ee42dae9,865
    pantry-tree:
      sha256: da65a22968a2fecc17f42e66f1f3d0d2f341e4af50bf496c6c0fe84c0907f756
      size: 195
  original:
    hackage: invertible-hxt-0.1
snapshots:
- completed:
    sha256: 5a59b2a405b3aba3c00188453be172b85893cab8ebc352b1ef58b0eae5d248a2
    size: 650475
    url: https://raw.githubusercontent.com/commercialhaskell/stackage-snapshots/master/lts/20/26.yaml
  original: lts-20.26
